{
  "requires": true,
  "lockfileVersion": 1,
  "dependencies": {
    "cpu-percentage": {
      "version": "1.0.3",
      "resolved": "https://registry.npmjs.org/cpu-percentage/-/cpu-percentage-1.0.3.tgz",
      "integrity": "sha512-LP7N2+hS7optwpkMisZoDfswnLeCzyETNOogkjw7v2YteQSPDd0vEv3nSbU8FVu58fXCkVAWtXaeSXEedT1a5g=="
    }
  }
}
